<?xml version="1.0" encoding="utf-8"?>
<Project ToolsVersion="4.0" xmlns="http://schemas.microsoft.com/developer/msbuild/2003">
  <ItemGroup>
    <Filter Include="Source Files">
      <UniqueIdentifier>{4FC737F1-C7A5-4376-A066-2A32D752A2FF}</UniqueIdentifier>
      <Extensions>h;hpp;hxx;cpp;c;cc;cxx;def;odl;idl;hpj;bat;asm;asmx</Extensions>
    </Filter>
    <Filter Include="Source Files\events">
      <UniqueIdentifier>{6fb55780-236d-4029-a2a5-7a009fcfdc4a}</UniqueIdentifier>
    </Filter>
    <Filter Include="Source Files\actions">
      <UniqueIdentifier>{620bfed0-e276-4125-9daf-f1414fe31f44}</UniqueIdentifier>
    </Filter>
    <Filter Include="Source Files\actions\start_playback_0">
      <UniqueIdentifier>{c667196c-fa07-46c6-a53e-480fb22545cf}</UniqueIdentifier>
    </Filter>
    <Filter Include="Source Files\actions\stop_playback_10">
      <UniqueIdentifier>{c21a6b51-215c-41d8-9ae7-21311af3582d}</UniqueIdentifier>
    </Filter>
    <Filter Include="Source Files\actions\pause_20">
      <UniqueIdentifier>{b20930cf-b482-4b9d-a963-14b34b9526b9}</UniqueIdentifier>
    </Filter>
    <Filter Include="Source Files\actions\exit_foobar_100">
      <UniqueIdentifier>{63975580-fc0d-4161-835b-3dc87559d582}</UniqueIdentifier>
    </Filter>
    <Filter Include="Source Files\actions\shutdown_110">
      <UniqueIdentifier>{05b4b587-721c-4f2f-b7dd-df2725c359cb}</UniqueIdentifier>
    </Filter>
    <Filter Include="Source Files\actions\change_playlist_30">
      <UniqueIdentifier>{483c87d7-9203-44cd-8433-cf38f09954d4}</UniqueIdentifier>
    </Filter>
    <Filter Include="Source Files\actions\set_playback_order_40">
      <UniqueIdentifier>{e04bc31d-1b06-417d-a1c3-185f46d557d7}</UniqueIdentifier>
    </Filter>
    <Filter Include="Source Files\actions\delay_50">
      <UniqueIdentifier>{a70eb551-34dd-4ef9-a7e2-95e2775c73b3}</UniqueIdentifier>
    </Filter>
    <Filter Include="Source Files\actions\set_volume_35">
      <UniqueIdentifier>{b2890afa-02f0-4573-b9dc-5c6406028c05}</UniqueIdentifier>
    </Filter>
    <Filter Include="Source Files\actions\launch_app_90">
      <UniqueIdentifier>{7df7c334-37a5-46f9-bec1-e1e8abf342d1}</UniqueIdentifier>
    </Filter>
    <Filter Include="Source Files\actions\mute_36">
      <UniqueIdentifier>{b797e9fe-0237-4849-8f70-0f11d59e0c96}</UniqueIdentifier>
    </Filter>
    <Filter Include="Source Files\ui_helpers">
      <UniqueIdentifier>{b16d8a2f-a5c2-48d4-8ff4-6aada921536f}</UniqueIdentifier>
    </Filter>
    <Filter Include="Source Files\event_managers">
      <UniqueIdentifier>{2fe5a0b8-117a-4db2-b788-320c2fa8cc3f}</UniqueIdentifier>
    </Filter>
    <Filter Include="Source Files\preferences">
      <UniqueIdentifier>{56aff24b-7d51-42d1-927b-42a32b59b24e}</UniqueIdentifier>
    </Filter>
    <Filter Include="Resource Files">
      <UniqueIdentifier>{67DA6AB6-F800-4c08-8B7A-83BB121AAD01}</UniqueIdentifier>
      <Extensions>rc;ico;cur;bmp;dlg;rc2;rct;bin;rgs;gif;jpg;jpeg;jpe;resx;tiff;tif;png;wav</Extensions>
    </Filter>
    <Filter Include="Source Files\actions\next_track_25">
      <UniqueIdentifier>{990aa87a-10b8-487a-b3a0-1f812576bd80}</UniqueIdentifier>
    </Filter>
    <Filter Include="Source Files\actions\prev_track_26">
      <UniqueIdentifier>{a69742af-f429-439c-b765-c6f998a8368a}</UniqueIdentifier>
    </Filter>
    <Filter Include="Source Files\actions\wait_n_tracks_played_27">
      <UniqueIdentifier>{d3c84986-fc56-4f7a-8867-d628232ba5f9}</UniqueIdentifier>
    </Filter>
    <Filter Include="Source Files\actions\save_playback_state_45">
      <UniqueIdentifier>{73d9256e-3fb0-4035-b8cd-22ea55868d96}</UniqueIdentifier>
    </Filter>
    <Filter Include="Source Files\actions\stop_action_lists_70">
      <UniqueIdentifier>{3f7120e5-8276-4041-af18-ce7a575203d9}</UniqueIdentifier>
    </Filter>
  </ItemGroup>
  <ItemGroup>
    <ClInclude Include="action.h">
      <Filter>Source Files</Filter>
    </ClInclude>
    <ClInclude Include="action_exec_session.h">
      <Filter>Source Files</Filter>
    </ClInclude>
    <ClInclude Include="action_list.h">
      <Filter>Source Files</Filter>
    </ClInclude>
    <ClInclude Include="action_list_exec_session.h">
      <Filter>Source Files</Filter>
    </ClInclude>
    <ClInclude Include="action_list_s11n_block.h">
      <Filter>Source Files</Filter>
    </ClInclude>
    <ClInclude Include="action_s11n_block.h">
      <Filter>Source Files</Filter>
    </ClInclude>
    <ClInclude Include="async_call.h">
      <Filter>Source Files</Filter>
    </ClInclude>
    <ClInclude Include="definitions.h">
      <Filter>Source Files</Filter>
    </ClInclude>
    <ClInclude Include="duration_units.h">
      <Filter>Source Files</Filter>
    </ClInclude>
    <ClInclude Include="event.h">
      <Filter>Source Files</Filter>
    </ClInclude>
    <ClInclude Include="event_s11n_block.h">
      <Filter>Source Files</Filter>
    </ClInclude>
    <ClInclude Include="foobar_services.h">
      <Filter>Source Files</Filter>
    </ClInclude>
    <ClInclude Include="foobar_stream.h">
      <Filter>Source Files</Filter>
    </ClInclude>
    <ClInclude Include="model.h">
      <Filter>Source Files</Filter>
    </ClInclude>
    <ClInclude Include="pch.h">
      <Filter>Source Files</Filter>
    </ClInclude>
    <ClInclude Include="prototypes_manager.h">
      <Filter>Source Files</Filter>
    </ClInclude>
    <ClInclude Include="ref_counted.h">
      <Filter>Source Files</Filter>
    </ClInclude>
    <ClInclude Include="resource.h">
      <Filter>Source Files</Filter>
    </ClInclude>
    <ClInclude Include="root_controller.h">
      <Filter>Source Files</Filter>
    </ClInclude>
    <ClInclude Include="s11n_blocks.h">
      <Filter>Source Files</Filter>
    </ClInclude>
    <ClInclude Include="scope_exit_function.h">
      <Filter>Source Files</Filter>
    </ClInclude>
    <ClInclude Include="service_manager.h">
      <Filter>Source Files</Filter>
    </ClInclude>
    <ClInclude Include="status_window.h">
      <Filter>Source Files</Filter>
    </ClInclude>
    <ClInclude Include="targetver.h">
      <Filter>Source Files</Filter>
    </ClInclude>
    <ClInclude Include="timers_manager.h">
      <Filter>Source Files</Filter>
    </ClInclude>
    <ClInclude Include="date_time_event.h">
      <Filter>Source Files\events</Filter>
    </ClInclude>
    <ClInclude Include="date_time_event_s11n_block.h">
      <Filter>Source Files\events</Filter>
    </ClInclude>
    <ClInclude Include="menu_item_event.h">
      <Filter>Source Files\events</Filter>
    </ClInclude>
    <ClInclude Include="menu_item_event_s11n_block.h">
      <Filter>Source Files\events</Filter>
    </ClInclude>
    <ClInclude Include="player_event.h">
      <Filter>Source Files\events</Filter>
    </ClInclude>
    <ClInclude Include="player_event_s11n_block.h">
      <Filter>Source Files\events</Filter>
    </ClInclude>
    <ClInclude Include="action_start_playback.h">
      <Filter>Source Files\actions\start_playback_0</Filter>
    </ClInclude>
    <ClInclude Include="action_start_playback_s11n_block.h">
      <Filter>Source Files\actions\start_playback_0</Filter>
    </ClInclude>
    <ClInclude Include="action_stop_playback.h">
      <Filter>Source Files\actions\stop_playback_10</Filter>
    </ClInclude>
    <ClInclude Include="action_stop_playback_s11n_block.h">
      <Filter>Source Files\actions\stop_playback_10</Filter>
    </ClInclude>
    <ClInclude Include="action_pause_playback.h">
      <Filter>Source Files\actions\pause_20</Filter>
    </ClInclude>
    <ClInclude Include="action_pause_playback_s11n_block.h">
      <Filter>Source Files\actions\pause_20</Filter>
    </ClInclude>
    <ClInclude Include="action_exit_foobar.h">
      <Filter>Source Files\actions\exit_foobar_100</Filter>
    </ClInclude>
    <ClInclude Include="action_exit_foobar_s11n_block.h">
      <Filter>Source Files\actions\exit_foobar_100</Filter>
    </ClInclude>
    <ClInclude Include="action_shutdown.h">
      <Filter>Source Files\actions\shutdown_110</Filter>
    </ClInclude>
    <ClInclude Include="action_shutdown_s11n_block.h">
      <Filter>Source Files\actions\shutdown_110</Filter>
    </ClInclude>
    <ClInclude Include="action_change_playlist.h">
      <Filter>Source Files\actions\change_playlist_30</Filter>
    </ClInclude>
    <ClInclude Include="action_change_playlist_s11n_block.h">
      <Filter>Source Files\actions\change_playlist_30</Filter>
    </ClInclude>
    <ClInclude Include="action_set_playback_order.h">
      <Filter>Source Files\actions\set_playback_order_40</Filter>
    </ClInclude>
    <ClInclude Include="action_set_playback_order_s11n_block.h">
      <Filter>Source Files\actions\set_playback_order_40</Filter>
    </ClInclude>
    <ClInclude Include="action_delay.h">
      <Filter>Source Files\actions\delay_50</Filter>
    </ClInclude>
    <ClInclude Include="action_delay_s11n_block.h">
      <Filter>Source Files\actions\delay_50</Filter>
    </ClInclude>
    <ClInclude Include="action_set_volume.h">
      <Filter>Source Files\actions\set_volume_35</Filter>
    </ClInclude>
    <ClInclude Include="action_set_volume_s11n_block.h">
      <Filter>Source Files\actions\set_volume_35</Filter>
    </ClInclude>
    <ClInclude Include="action_launch_app.h">
      <Filter>Source Files\actions\launch_app_90</Filter>
    </ClInclude>
    <ClInclude Include="action_launch_app_s11n_block.h">
      <Filter>Source Files\actions\launch_app_90</Filter>
    </ClInclude>
    <ClInclude Include="action_mute.h">
      <Filter>Source Files\actions\mute_36</Filter>
    </ClInclude>
    <ClInclude Include="action_mute_s11n_block.h">
      <Filter>Source Files\actions\mute_36</Filter>
    </ClInclude>
    <ClInclude Include="combo_helpers.h">
      <Filter>Source Files\ui_helpers</Filter>
    </ClInclude>
    <ClInclude Include="popup_tooltip_message.h">
      <Filter>Source Files\ui_helpers</Filter>
    </ClInclude>
    <ClInclude Include="date_time_events_manager.h">
      <Filter>Source Files\event_managers</Filter>
    </ClInclude>
    <ClInclude Include="menu_item_events_manager.h">
      <Filter>Source Files\event_managers</Filter>
    </ClInclude>
    <ClInclude Include="player_events_manager.h">
      <Filter>Source Files\event_managers</Filter>
    </ClInclude>
    <ClInclude Include="action_lists_window.h">
      <Filter>Source Files\preferences</Filter>
    </ClInclude>
    <ClInclude Include="event_list_window.h">
      <Filter>Source Files\preferences</Filter>
    </ClInclude>
    <ClInclude Include="pref_page.h">
      <Filter>Source Files\preferences</Filter>
    </ClInclude>
    <ClInclude Include="pref_page_model.h">
      <Filter>Source Files\preferences</Filter>
    </ClInclude>
    <ClInclude Include="action_next_track.h">
      <Filter>Source Files\actions\next_track_25</Filter>
    </ClInclude>
    <ClInclude Include="action_next_track_s11n_block.h">
      <Filter>Source Files\actions\next_track_25</Filter>
    </ClInclude>
    <ClInclude Include="action_prev_track.h">
      <Filter>Source Files\actions\prev_track_26</Filter>
    </ClInclude>
    <ClInclude Include="action_prev_track_s11n_block.h">
      <Filter>Source Files\actions\prev_track_26</Filter>
    </ClInclude>
    <ClInclude Include="action_wait_n_tracks_played.h">
      <Filter>Source Files\actions\wait_n_tracks_played_27</Filter>
    </ClInclude>
    <ClInclude Include="action_wait_n_tracks_played_s11n_block.h">
      <Filter>Source Files\actions\wait_n_tracks_played_27</Filter>
    </ClInclude>
    <ClInclude Include="header_static.h">
      <Filter>Source Files\ui_helpers</Filter>
    </ClInclude>
    <ClInclude Include="action_save_playback_state.h">
      <Filter>Source Files\actions\save_playback_state_45</Filter>
    </ClInclude>
    <ClInclude Include="action_save_playback_state_s11n_block.h">
      <Filter>Source Files\actions\save_playback_state_45</Filter>
    </ClInclude>
    <ClInclude Include="event_visitor.h">
      <Filter>Source Files</Filter>
    </ClInclude>
    <ClInclude Include="generate_duplicate_name.h">
      <Filter>Source Files</Filter>
    </ClInclude>
    <ClInclude Include="action_stop_action_lists.h">
      <Filter>Source Files\actions\stop_action_lists_70</Filter>
    </ClInclude>
    <ClInclude Include="action_stop_action_lists_s11n_block.h">
      <Filter>Source Files\actions\stop_action_lists_70</Filter>
    </ClInclude>
  </ItemGroup>
  <ItemGroup>
    <ClCompile Include="action_list.cpp">
      <Filter>Source Files</Filter>
    </ClCompile>
    <ClCompile Include="action_list_exec_session.cpp">
      <Filter>Source Files</Filter>
    </ClCompile>
    <ClCompile Include="event.cpp">
      <Filter>Source Files</Filter>
    </ClCompile>
    <ClCompile Include="foobar_services.cpp">
      <Filter>Source Files</Filter>
    </ClCompile>
    <ClCompile Include="main.cpp">
      <Filter>Source Files</Filter>
    </ClCompile>
    <ClCompile Include="model.cpp">
      <Filter>Source Files</Filter>
    </ClCompile>
    <ClCompile Include="pch.cpp">
      <Filter>Source Files</Filter>
    </ClCompile>
    <ClCompile Include="root_controller.cpp">
      <Filter>Source Files</Filter>
    </ClCompile>
    <ClCompile Include="s11n_blocks.cpp">
      <Filter>Source Files</Filter>
    </ClCompile>
    <ClCompile Include="service_manager.cpp">
      <Filter>Source Files</Filter>
    </ClCompile>
    <ClCompile Include="status_window.cpp">
      <Filter>Source Files</Filter>
    </ClCompile>
    <ClCompile Include="timers_manager.cpp">
      <Filter>Source Files</Filter>
    </ClCompile>
    <ClCompile Include="date_time_event.cpp">
      <Filter>Source Files\events</Filter>
    </ClCompile>
    <ClCompile Include="menu_item_event.cpp">
      <Filter>Source Files\events</Filter>
    </ClCompile>
    <ClCompile Include="player_event.cpp">
      <Filter>Source Files\events</Filter>
    </ClCompile>
    <ClCompile Include="action_start_playback.cpp">
      <Filter>Source Files\actions\start_playback_0</Filter>
    </ClCompile>
    <ClCompile Include="action_stop_playback.cpp">
      <Filter>Source Files\actions\stop_playback_10</Filter>
    </ClCompile>
    <ClCompile Include="action_pause_playback.cpp">
      <Filter>Source Files\actions\pause_20</Filter>
    </ClCompile>
    <ClCompile Include="action_exit_foobar.cpp">
      <Filter>Source Files\actions\exit_foobar_100</Filter>
    </ClCompile>
    <ClCompile Include="action_shutdown.cpp">
      <Filter>Source Files\actions\shutdown_110</Filter>
    </ClCompile>
    <ClCompile Include="action_change_playlist.cpp">
      <Filter>Source Files\actions\change_playlist_30</Filter>
    </ClCompile>
    <ClCompile Include="action_set_playback_order.cpp">
      <Filter>Source Files\actions\set_playback_order_40</Filter>
    </ClCompile>
    <ClCompile Include="action_delay.cpp">
      <Filter>Source Files\actions\delay_50</Filter>
    </ClCompile>
    <ClCompile Include="action_set_volume.cpp">
      <Filter>Source Files\actions\set_volume_35</Filter>
    </ClCompile>
    <ClCompile Include="action_launch_app.cpp">
      <Filter>Source Files\actions\launch_app_90</Filter>
    </ClCompile>
    <ClCompile Include="action_mute.cpp">
      <Filter>Source Files\actions\mute_36</Filter>
    </ClCompile>
    <ClCompile Include="popup_tooltip_message.cpp">
      <Filter>Source Files\ui_helpers</Filter>
    </ClCompile>
    <ClCompile Include="date_time_events_manager.cpp">
      <Filter>Source Files\event_managers</Filter>
    </ClCompile>
    <ClCompile Include="menu_item_events_manager.cpp">
      <Filter>Source Files\event_managers</Filter>
    </ClCompile>
    <ClCompile Include="player_events_manager.cpp">
      <Filter>Source Files\event_managers</Filter>
    </ClCompile>
    <ClCompile Include="action_lists_window.cpp">
      <Filter>Source Files\preferences</Filter>
    </ClCompile>
    <ClCompile Include="event_list_window.cpp">
      <Filter>Source Files\preferences</Filter>
    </ClCompile>
    <ClCompile Include="pref_page.cpp">
      <Filter>Source Files\preferences</Filter>
    </ClCompile>
    <ClCompile Include="pref_page_model.cpp">
      <Filter>Source Files\preferences</Filter>
    </ClCompile>
    <ClCompile Include="action_next_track.cpp">
      <Filter>Source Files\actions\next_track_25</Filter>
    </ClCompile>
    <ClCompile Include="action_prev_track.cpp">
      <Filter>Source Files\actions\prev_track_26</Filter>
    </ClCompile>
    <ClCompile Include="action_wait_n_tracks_played.cpp">
      <Filter>Source Files\actions\wait_n_tracks_played_27</Filter>
    </ClCompile>
    <ClCompile Include="header_static.cpp">
      <Filter>Source Files\ui_helpers</Filter>
    </ClCompile>
    <ClCompile Include="action_save_playback_state.cpp">
      <Filter>Source Files\actions\save_playback_state_45</Filter>
    </ClCompile>
    <ClCompile Include="action_stop_action_lists.cpp">
      <Filter>Source Files\actions\stop_action_lists_70</Filter>
    </ClCompile>
  </ItemGroup>
  <ItemGroup>
    <ResourceCompile Include="foo_scheduler.rc">
      <Filter>Resource Files</Filter>
    </ResourceCompile>
  </ItemGroup>
</Project>